
Microsoft Visual Studio Solution File, Format Version 12.00
# Visual Studio Version 17
VisualStudioVersion = 17.12.35707.178 d17.12
MinimumVisualStudioVersion = 10.0.40219.1
Project("{2150E333-8FDC-42A3-9474-1A3956D46DE8}") = "Task0", "Task0", "{E755D43B-D371-4708-8C1A-AB1853931803}"
EndProject
Project("{FAE04EC0-301F-11D3-BF4B-00C04F79EFBC}") = "Tyuiu.FendelNS.Sprint5.Task0.V20", "Tyuiu.FendelNS.Sprint5.Task0.V20\Tyuiu.FendelNS.Sprint5.Task0.V20.csproj", "{69DC04BF-B426-4DC9-82B9-8FD8ED5F127A}"
EndProject
Project("{FAE04EC0-301F-11D3-BF4B-00C04F79EFBC}") = "Tyuiu.FendelNS.Sprint5.Task0.V20.Lib", "Tyuiu.FendelNS.Sprint5.Task0.V20.Lib\Tyuiu.FendelNS.Sprint5.Task0.V20.Lib.csproj", "{260DA8DE-8690-474E-A3CA-8835A0F9BBAF}"
EndProject
Project("{FAE04EC0-301F-11D3-BF4B-00C04F79EFBC}") = "Tyuiu.FendelNS.Sprint5.Task0.V20.Test", "Tyuiu.FendelNS.Sprint5.Task0.V20.Test\Tyuiu.FendelNS.Sprint5.Task0.V20.Test.csproj", "{E6218671-24F2-4975-80E2-E6A428F806A2}"
EndProject
Project("{2150E333-8FDC-42A3-9474-1A3956D46DE8}") = "Task1", "Task1", "{8471945B-17D8-45FF-91F8-64357EB8E9FE}"
EndProject
Project("{FAE04EC0-301F-11D3-BF4B-00C04F79EFBC}") = "Tyuiu.FendelNS.Sprint5.Task1.V21", "Tyuiu.FendelNS.Sprint5.Task1.V21\Tyuiu.FendelNS.Sprint5.Task1.V21.csproj", "{75789F7B-E35D-459F-8C01-86626FA4C09A}"
EndProject
Project("{FAE04EC0-301F-11D3-BF4B-00C04F79EFBC}") = "Tyuiu.FendelNS.Sprint5.Task1.V21.Lib", "Tyuiu.FendelNS.Sprint5.Task1.V21.Lib\Tyuiu.FendelNS.Sprint5.Task1.V21.Lib.csproj", "{6C2E19C1-9313-47D4-8E74-5C3FBACEF69E}"
EndProject
Project("{FAE04EC0-301F-11D3-BF4B-00C04F79EFBC}") = "Tyuiu.FendelNS.Sprint5.Task1.V21.Test", "Tyuiu.FendelNS.Sprint5.Task1.V21.Test\Tyuiu.FendelNS.Sprint5.Task1.V21.Test.csproj", "{F0D6303E-3BEA-4224-9092-3279EB6564A1}"
EndProject
Project("{2150E333-8FDC-42A3-9474-1A3956D46DE8}") = "Task2", "Task2", "{88698C47-8099-4585-B263-F28DA16CA350}"
EndProject
Project("{FAE04EC0-301F-11D3-BF4B-00C04F79EFBC}") = "Tyuiu.FendelNS.Sprint5.Task2.V20", "Tyuiu.FendelNS.Sprint5.Task2.V20\Tyuiu.FendelNS.Sprint5.Task2.V20.csproj", "{123349EE-6262-47BC-BF51-58DB0EF044A9}"
EndProject
Project("{FAE04EC0-301F-11D3-BF4B-00C04F79EFBC}") = "Tyuiu.FendelNS.Sprint5.Task2.V20.Lib", "Tyuiu.FendelNS.Sprint5.Task2.V20.Lib\Tyuiu.FendelNS.Sprint5.Task2.V20.Lib.csproj", "{95BEE715-3E71-4E0F-98DD-FDF5B2570346}"
EndProject
Project("{FAE04EC0-301F-11D3-BF4B-00C04F79EFBC}") = "Tyuiu.FendelNS.Sprint5.Task2.V20.Test", "Tyuiu.FendelNS.Sprint5.Task2.V20.Test\Tyuiu.FendelNS.Sprint5.Task2.V20.Test.csproj", "{CFB5B342-9546-4234-A634-02E1EE53B63C}"
EndProject
Project("{2150E333-8FDC-42A3-9474-1A3956D46DE8}") = "Task3", "Task3", "{281C5DEF-E093-45BB-BE2A-F6A11FA8409F}"
EndProject
Project("{FAE04EC0-301F-11D3-BF4B-00C04F79EFBC}") = "Tyuiu.FendelNS.Sprint5.Task3.V26", "Tyuiu.FendelNS.Sprint5.Task3.V26\Tyuiu.FendelNS.Sprint5.Task3.V26.csproj", "{2A97C821-C39F-433B-89A2-DBCF640CAD88}"
EndProject
Project("{FAE04EC0-301F-11D3-BF4B-00C04F79EFBC}") = "Tyuiu.FendelNS.Sprint5.Task3.V26.Lib", "Tyuiu.FendelNS.Sprint5.Task3.V26.Lib\Tyuiu.FendelNS.Sprint5.Task3.V26.Lib.csproj", "{B3770FCA-108E-4A77-869B-488B79C2C099}"
EndProject
Project("{FAE04EC0-301F-11D3-BF4B-00C04F79EFBC}") = "Tyuiu.FendelNS.Sprint5.Task3.V26.Test", "Tyuiu.FendelNS.Sprint5.Task3.V26.Test\Tyuiu.FendelNS.Sprint5.Task3.V26.Test.csproj", "{BBF60693-6BC1-486C-BF2F-DC1963436739}"
EndProject
Project("{2150E333-8FDC-42A3-9474-1A3956D46DE8}") = "Task4", "Task4", "{A0881215-6A71-4D41-A0F2-1EDB07BA0FFB}"
EndProject
Project("{FAE04EC0-301F-11D3-BF4B-00C04F79EFBC}") = "Tyuiu.FendelNS.Sprint5.Task4.V1", "Tyuiu.FendelNS.Sprint5.Task4.V1\Tyuiu.FendelNS.Sprint5.Task4.V1.csproj", "{95B334E0-0FAA-4474-9634-66A15DB993B3}"
EndProject
Project("{FAE04EC0-301F-11D3-BF4B-00C04F79EFBC}") = "Tyuiu.FendelNS.Sprint5.Task4.V1.Lib", "Tyuiu.FendelNS.Sprint5.Task4.V1.Lib\Tyuiu.FendelNS.Sprint5.Task4.V1.Lib.csproj", "{A6F7B7A0-8270-497B-A9B0-D2176B955148}"
EndProject
Project("{FAE04EC0-301F-11D3-BF4B-00C04F79EFBC}") = "Tyuiu.FendelNS.Sprint5.Task4.V1.Test", "Tyuiu.FendelNS.Sprint5.Task4.V1.Test\Tyuiu.FendelNS.Sprint5.Task4.V1.Test.csproj", "{551A7E62-7A5C-4F60-9C22-70801F76B6C9}"
EndProject
Project("{2150E333-8FDC-42A3-9474-1A3956D46DE8}") = "Task5", "Task5", "{9EDBD471-D1E0-4BE4-8D66-3EE99817072E}"
EndProject
Project("{FAE04EC0-301F-11D3-BF4B-00C04F79EFBC}") = "Tyuiu.FendelNS.Sprint5.Task5.V3", "Tyuiu.FendelNS.Sprint5.Task5.V3\Tyuiu.FendelNS.Sprint5.Task5.V3.csproj", "{2D8DB709-496F-4F03-A916-D81B0E760D69}"
EndProject
Project("{FAE04EC0-301F-11D3-BF4B-00C04F79EFBC}") = "Tyuiu.FendelNS.Sprint5.Task5.V3.Lib", "Tyuiu.FendelNS.Sprint5.Task5.V3.Lib\Tyuiu.FendelNS.Sprint5.Task5.V3.Lib.csproj", "{331943A0-053A-4BB8-AD58-4B191A6236C8}"
EndProject
Project("{FAE04EC0-301F-11D3-BF4B-00C04F79EFBC}") = "Tyuiu.FendelNS.Sprint5.Task5.V3.Test", "Tyuiu.FendelNS.Sprint5.Task5.V3.Test\Tyuiu.FendelNS.Sprint5.Task5.V3.Test.csproj", "{F597E940-9B53-438F-A69D-B6AF95F83CC7}"
EndProject
Project("{2150E333-8FDC-42A3-9474-1A3956D46DE8}") = "Task6", "Task6", "{AF1068C8-9E63-4F49-81C5-0AEAE728914D}"
EndProject
Project("{FAE04EC0-301F-11D3-BF4B-00C04F79EFBC}") = "Tyuiu.FendelNS.Sprint5.Task6.V1", "Tyuiu.FendelNS.Sprint5.Task6.V1\Tyuiu.FendelNS.Sprint5.Task6.V1.csproj", "{3FA91280-E9D8-479A-A222-352FE301E6FB}"
EndProject
Project("{FAE04EC0-301F-11D3-BF4B-00C04F79EFBC}") = "Tyuiu.FendelNS.Sprint5.Task6.V1.Lib", "Tyuiu.FendelNS.Sprint5.Task6.V1.Lib\Tyuiu.FendelNS.Sprint5.Task6.V1.Lib.csproj", "{1668D6B3-C367-4EC3-871B-31444D2E9503}"
EndProject
Project("{FAE04EC0-301F-11D3-BF4B-00C04F79EFBC}") = "Tyuiu.FendelNS.Sprint5.Task6.V1.Test", "Tyuiu.FendelNS.Sprint5.Task6.V1.Test\Tyuiu.FendelNS.Sprint5.Task6.V1.Test.csproj", "{0A9FD3D8-4367-4798-BC96-B1CEAB00FB1B}"
EndProject
Project("{2150E333-8FDC-42A3-9474-1A3956D46DE8}") = "Task7", "Task7", "{2552737B-1C18-4E9B-AC60-0ADB70B25BE0}"
EndProject
Project("{FAE04EC0-301F-11D3-BF4B-00C04F79EFBC}") = "Tyuiu.FendelNS.Sprint5.Task7.V20", "Tyuiu.FendelNS.Sprint5.Task7.V20\Tyuiu.FendelNS.Sprint5.Task7.V20.csproj", "{9A37F9CB-66EF-4DB7-84CC-0DBFBADD0C67}"
EndProject
Project("{FAE04EC0-301F-11D3-BF4B-00C04F79EFBC}") = "Tyuiu.FendelNS.Sprint5.Task7.V20.Lib", "Tyuiu.FendelNS.Sprint5.Task7.V20.Lib\Tyuiu.FendelNS.Sprint5.Task7.V20.Lib.csproj", "{778F37B4-94C3-495E-AD39-B45DBF4181BF}"
EndProject
Project("{FAE04EC0-301F-11D3-BF4B-00C04F79EFBC}") = "Tyuiu.FendelNS.Sprint5.Task7.V20.Test", "Tyuiu.FendelNS.Sprint5.Task7.V20.Test\Tyuiu.FendelNS.Sprint5.Task7.V20.Test.csproj", "{A2549546-5545-4E4C-BC0F-FDE6803241FC}"
EndProject
Global
	GlobalSection(SolutionConfigurationPlatforms) = preSolution
		Debug|Any CPU = Debug|Any CPU
		Release|Any CPU = Release|Any CPU
	EndGlobalSection
	GlobalSection(ProjectConfigurationPlatforms) = postSolution
		{69DC04BF-B426-4DC9-82B9-8FD8ED5F127A}.Debug|Any CPU.ActiveCfg = Debug|Any CPU
		{69DC04BF-B426-4DC9-82B9-8FD8ED5F127A}.Debug|Any CPU.Build.0 = Debug|Any CPU
		{69DC04BF-B426-4DC9-82B9-8FD8ED5F127A}.Release|Any CPU.ActiveCfg = Release|Any CPU
		{69DC04BF-B426-4DC9-82B9-8FD8ED5F127A}.Release|Any CPU.Build.0 = Release|Any CPU
		{260DA8DE-8690-474E-A3CA-8835A0F9BBAF}.Debug|Any CPU.ActiveCfg = Debug|Any CPU
		{260DA8DE-8690-474E-A3CA-8835A0F9BBAF}.Debug|Any CPU.Build.0 = Debug|Any CPU
		{260DA8DE-8690-474E-A3CA-8835A0F9BBAF}.Release|Any CPU.ActiveCfg = Release|Any CPU
		{260DA8DE-8690-474E-A3CA-8835A0F9BBAF}.Release|Any CPU.Build.0 = Release|Any CPU
		{E6218671-24F2-4975-80E2-E6A428F806A2}.Debug|Any CPU.ActiveCfg = Debug|Any CPU
		{E6218671-24F2-4975-80E2-E6A428F806A2}.Debug|Any CPU.Build.0 = Debug|Any CPU
		{E6218671-24F2-4975-80E2-E6A428F806A2}.Release|Any CPU.ActiveCfg = Release|Any CPU
		{E6218671-24F2-4975-80E2-E6A428F806A2}.Release|Any CPU.Build.0 = Release|Any CPU
		{75789F7B-E35D-459F-8C01-86626FA4C09A}.Debug|Any CPU.ActiveCfg = Debug|Any CPU
		{75789F7B-E35D-459F-8C01-86626FA4C09A}.Debug|Any CPU.Build.0 = Debug|Any CPU
		{75789F7B-E35D-459F-8C01-86626FA4C09A}.Release|Any CPU.ActiveCfg = Release|Any CPU
		{75789F7B-E35D-459F-8C01-86626FA4C09A}.Release|Any CPU.Build.0 = Release|Any CPU
		{6C2E19C1-9313-47D4-8E74-5C3FBACEF69E}.Debug|Any CPU.ActiveCfg = Debug|Any CPU
		{6C2E19C1-9313-47D4-8E74-5C3FBACEF69E}.Debug|Any CPU.Build.0 = Debug|Any CPU
		{6C2E19C1-9313-47D4-8E74-5C3FBACEF69E}.Release|Any CPU.ActiveCfg = Release|Any CPU
		{6C2E19C1-9313-47D4-8E74-5C3FBACEF69E}.Release|Any CPU.Build.0 = Release|Any CPU
		{F0D6303E-3BEA-4224-9092-3279EB6564A1}.Debug|Any CPU.ActiveCfg = Debug|Any CPU
		{F0D6303E-3BEA-4224-9092-3279EB6564A1}.Debug|Any CPU.Build.0 = Debug|Any CPU
		{F0D6303E-3BEA-4224-9092-3279EB6564A1}.Release|Any CPU.ActiveCfg = Release|Any CPU
		{F0D6303E-3BEA-4224-9092-3279EB6564A1}.Release|Any CPU.Build.0 = Release|Any CPU
		{123349EE-6262-47BC-BF51-58DB0EF044A9}.Debug|Any CPU.ActiveCfg = Debug|Any CPU
		{123349EE-6262-47BC-BF51-58DB0EF044A9}.Debug|Any CPU.Build.0 = Debug|Any CPU
		{123349EE-6262-47BC-BF51-58DB0EF044A9}.Release|Any CPU.ActiveCfg = Release|Any CPU
		{123349EE-6262-47BC-BF51-58DB0EF044A9}.Release|Any CPU.Build.0 = Release|Any CPU
		{95BEE715-3E71-4E0F-98DD-FDF5B2570346}.Debug|Any CPU.ActiveCfg = Debug|Any CPU
		{95BEE715-3E71-4E0F-98DD-FDF5B2570346}.Debug|Any CPU.Build.0 = Debug|Any CPU
		{95BEE715-3E71-4E0F-98DD-FDF5B2570346}.Release|Any CPU.ActiveCfg = Release|Any CPU
		{95BEE715-3E71-4E0F-98DD-FDF5B2570346}.Release|Any CPU.Build.0 = Release|Any CPU
		{CFB5B342-9546-4234-A634-02E1EE53B63C}.Debug|Any CPU.ActiveCfg = Debug|Any CPU
		{CFB5B342-9546-4234-A634-02E1EE53B63C}.Debug|Any CPU.Build.0 = Debug|Any CPU
		{CFB5B342-9546-4234-A634-02E1EE53B63C}.Release|Any CPU.ActiveCfg = Release|Any CPU
		{CFB5B342-9546-4234-A634-02E1EE53B63C}.Release|Any CPU.Build.0 = Release|Any CPU
		{2A97C821-C39F-433B-89A2-DBCF640CAD88}.Debug|Any CPU.ActiveCfg = Debug|Any CPU
		{2A97C821-C39F-433B-89A2-DBCF640CAD88}.Debug|Any CPU.Build.0 = Debug|Any CPU
		{2A97C821-C39F-433B-89A2-DBCF640CAD88}.Release|Any CPU.ActiveCfg = Release|Any CPU
		{2A97C821-C39F-433B-89A2-DBCF640CAD88}.Release|Any CPU.Build.0 = Release|Any CPU
		{B3770FCA-108E-4A77-869B-488B79C2C099}.Debug|Any CPU.ActiveCfg = Debug|Any CPU
		{B3770FCA-108E-4A77-869B-488B79C2C099}.Debug|Any CPU.Build.0 = Debug|Any CPU
		{B3770FCA-108E-4A77-869B-488B79C2C099}.Release|Any CPU.ActiveCfg = Release|Any CPU
		{B3770FCA-108E-4A77-869B-488B79C2C099}.Release|Any CPU.Build.0 = Release|Any CPU
		{BBF60693-6BC1-486C-BF2F-DC1963436739}.Debug|Any CPU.ActiveCfg = Debug|Any CPU
		{BBF60693-6BC1-486C-BF2F-DC1963436739}.Debug|Any CPU.Build.0 = Debug|Any CPU
		{BBF60693-6BC1-486C-BF2F-DC1963436739}.Release|Any CPU.ActiveCfg = Release|Any CPU
		{BBF60693-6BC1-486C-BF2F-DC1963436739}.Release|Any CPU.Build.0 = Release|Any CPU
		{95B334E0-0FAA-4474-9634-66A15DB993B3}.Debug|Any CPU.ActiveCfg = Debug|Any CPU
		{95B334E0-0FAA-4474-9634-66A15DB993B3}.Debug|Any CPU.Build.0 = Debug|Any CPU
		{95B334E0-0FAA-4474-9634-66A15DB993B3}.Release|Any CPU.ActiveCfg = Release|Any CPU
		{95B334E0-0FAA-4474-9634-66A15DB993B3}.Release|Any CPU.Build.0 = Release|Any CPU
		{A6F7B7A0-8270-497B-A9B0-D2176B955148}.Debug|Any CPU.ActiveCfg = Debug|Any CPU
		{A6F7B7A0-8270-497B-A9B0-D2176B955148}.Debug|Any CPU.Build.0 = Debug|Any CPU
		{A6F7B7A0-8270-497B-A9B0-D2176B955148}.Release|Any CPU.ActiveCfg = Release|Any CPU
		{A6F7B7A0-8270-497B-A9B0-D2176B955148}.Release|Any CPU.Build.0 = Release|Any CPU
		{551A7E62-7A5C-4F60-9C22-70801F76B6C9}.Debug|Any CPU.ActiveCfg = Debug|Any CPU
		{551A7E62-7A5C-4F60-9C22-70801F76B6C9}.Debug|Any CPU.Build.0 = Debug|Any CPU
		{551A7E62-7A5C-4F60-9C22-70801F76B6C9}.Release|Any CPU.ActiveCfg = Release|Any CPU
		{551A7E62-7A5C-4F60-9C22-70801F76B6C9}.Release|Any CPU.Build.0 = Release|Any CPU
		{2D8DB709-496F-4F03-A916-D81B0E760D69}.Debug|Any CPU.ActiveCfg = Debug|Any CPU
		{2D8DB709-496F-4F03-A916-D81B0E760D69}.Debug|Any CPU.Build.0 = Debug|Any CPU
		{2D8DB709-496F-4F03-A916-D81B0E760D69}.Release|Any CPU.ActiveCfg = Release|Any CPU
		{2D8DB709-496F-4F03-A916-D81B0E760D69}.Release|Any CPU.Build.0 = Release|Any CPU
		{331943A0-053A-4BB8-AD58-4B191A6236C8}.Debug|Any CPU.ActiveCfg = Debug|Any CPU
		{331943A0-053A-4BB8-AD58-4B191A6236C8}.Debug|Any CPU.Build.0 = Debug|Any CPU
		{331943A0-053A-4BB8-AD58-4B191A6236C8}.Release|Any CPU.ActiveCfg = Release|Any CPU
		{331943A0-053A-4BB8-AD58-4B191A6236C8}.Release|Any CPU.Build.0 = Release|Any CPU
		{F597E940-9B53-438F-A69D-B6AF95F83CC7}.Debug|Any CPU.ActiveCfg = Debug|Any CPU
		{F597E940-9B53-438F-A69D-B6AF95F83CC7}.Debug|Any CPU.Build.0 = Debug|Any CPU
		{F597E940-9B53-438F-A69D-B6AF95F83CC7}.Release|Any CPU.ActiveCfg = Release|Any CPU
		{F597E940-9B53-438F-A69D-B6AF95F83CC7}.Release|Any CPU.Build.0 = Release|Any CPU
		{3FA91280-E9D8-479A-A222-352FE301E6FB}.Debug|Any CPU.ActiveCfg = Debug|Any CPU
		{3FA91280-E9D8-479A-A222-352FE301E6FB}.Debug|Any CPU.Build.0 = Debug|Any CPU
		{3FA91280-E9D8-479A-A222-352FE301E6FB}.Release|Any CPU.ActiveCfg = Release|Any CPU
		{3FA91280-E9D8-479A-A222-352FE301E6FB}.Release|Any CPU.Build.0 = Release|Any CPU
		{1668D6B3-C367-4EC3-871B-31444D2E9503}.Debug|Any CPU.ActiveCfg = Debug|Any CPU
		{1668D6B3-C367-4EC3-871B-31444D2E9503}.Debug|Any CPU.Build.0 = Debug|Any CPU
		{1668D6B3-C367-4EC3-871B-31444D2E9503}.Release|Any CPU.ActiveCfg = Release|Any CPU
		{1668D6B3-C367-4EC3-871B-31444D2E9503}.Release|Any CPU.Build.0 = Release|Any CPU
		{0A9FD3D8-4367-4798-BC96-B1CEAB00FB1B}.Debug|Any CPU.ActiveCfg = Debug|Any CPU
		{0A9FD3D8-4367-4798-BC96-B1CEAB00FB1B}.Debug|Any CPU.Build.0 = Debug|Any CPU
		{0A9FD3D8-4367-4798-BC96-B1CEAB00FB1B}.Release|Any CPU.ActiveCfg = Release|Any CPU
		{0A9FD3D8-4367-4798-BC96-B1CEAB00FB1B}.Release|Any CPU.Build.0 = Release|Any CPU
		{9A37F9CB-66EF-4DB7-84CC-0DBFBADD0C67}.Debug|Any CPU.ActiveCfg = Debug|Any CPU
		{9A37F9CB-66EF-4DB7-84CC-0DBFBADD0C67}.Debug|Any CPU.Build.0 = Debug|Any CPU
		{9A37F9CB-66EF-4DB7-84CC-0DBFBADD0C67}.Release|Any CPU.ActiveCfg = Release|Any CPU
		{9A37F9CB-66EF-4DB7-84CC-0DBFBADD0C67}.Release|Any CPU.Build.0 = Release|Any CPU
		{778F37B4-94C3-495E-AD39-B45DBF4181BF}.Debug|Any CPU.ActiveCfg = Debug|Any CPU
		{778F37B4-94C3-495E-AD39-B45DBF4181BF}.Debug|Any CPU.Build.0 = Debug|Any CPU
		{778F37B4-94C3-495E-AD39-B45DBF4181BF}.Release|Any CPU.ActiveCfg = Release|Any CPU
		{778F37B4-94C3-495E-AD39-B45DBF4181BF}.Release|Any CPU.Build.0 = Release|Any CPU
		{A2549546-5545-4E4C-BC0F-FDE6803241FC}.Debug|Any CPU.ActiveCfg = Debug|Any CPU
		{A2549546-5545-4E4C-BC0F-FDE6803241FC}.Debug|Any CPU.Build.0 = Debug|Any CPU
		{A2549546-5545-4E4C-BC0F-FDE6803241FC}.Release|Any CPU.ActiveCfg = Release|Any CPU
		{A2549546-5545-4E4C-BC0F-FDE6803241FC}.Release|Any CPU.Build.0 = Release|Any CPU
	EndGlobalSection
	GlobalSection(SolutionProperties) = preSolution
		HideSolutionNode = FALSE
	EndGlobalSection
	GlobalSection(NestedProjects) = preSolution
		{69DC04BF-B426-4DC9-82B9-8FD8ED5F127A} = {E755D43B-D371-4708-8C1A-AB1853931803}
		{260DA8DE-8690-474E-A3CA-8835A0F9BBAF} = {E755D43B-D371-4708-8C1A-AB1853931803}
		{E6218671-24F2-4975-80E2-E6A428F806A2} = {E755D43B-D371-4708-8C1A-AB1853931803}
		{75789F7B-E35D-459F-8C01-86626FA4C09A} = {8471945B-17D8-45FF-91F8-64357EB8E9FE}
		{6C2E19C1-9313-47D4-8E74-5C3FBACEF69E} = {8471945B-17D8-45FF-91F8-64357EB8E9FE}
		{F0D6303E-3BEA-4224-9092-3279EB6564A1} = {8471945B-17D8-45FF-91F8-64357EB8E9FE}
		{123349EE-6262-47BC-BF51-58DB0EF044A9} = {88698C47-8099-4585-B263-F28DA16CA350}
		{95BEE715-3E71-4E0F-98DD-FDF5B2570346} = {88698C47-8099-4585-B263-F28DA16CA350}
		{CFB5B342-9546-4234-A634-02E1EE53B63C} = {88698C47-8099-4585-B263-F28DA16CA350}
		{2A97C821-C39F-433B-89A2-DBCF640CAD88} = {281C5DEF-E093-45BB-BE2A-F6A11FA8409F}
		{B3770FCA-108E-4A77-869B-488B79C2C099} = {281C5DEF-E093-45BB-BE2A-F6A11FA8409F}
		{BBF60693-6BC1-486C-BF2F-DC1963436739} = {281C5DEF-E093-45BB-BE2A-F6A11FA8409F}
		{95B334E0-0FAA-4474-9634-66A15DB993B3} = {A0881215-6A71-4D41-A0F2-1EDB07BA0FFB}
		{A6F7B7A0-8270-497B-A9B0-D2176B955148} = {A0881215-6A71-4D41-A0F2-1EDB07BA0FFB}
		{551A7E62-7A5C-4F60-9C22-70801F76B6C9} = {A0881215-6A71-4D41-A0F2-1EDB07BA0FFB}
		{2D8DB709-496F-4F03-A916-D81B0E760D69} = {9EDBD471-D1E0-4BE4-8D66-3EE99817072E}
		{331943A0-053A-4BB8-AD58-4B191A6236C8} = {9EDBD471-D1E0-4BE4-8D66-3EE99817072E}
		{F597E940-9B53-438F-A69D-B6AF95F83CC7} = {9EDBD471-D1E0-4BE4-8D66-3EE99817072E}
		{3FA91280-E9D8-479A-A222-352FE301E6FB} = {AF1068C8-9E63-4F49-81C5-0AEAE728914D}
		{1668D6B3-C367-4EC3-871B-31444D2E9503} = {AF1068C8-9E63-4F49-81C5-0AEAE728914D}
		{0A9FD3D8-4367-4798-BC96-B1CEAB00FB1B} = {AF1068C8-9E63-4F49-81C5-0AEAE728914D}
		{9A37F9CB-66EF-4DB7-84CC-0DBFBADD0C67} = {2552737B-1C18-4E9B-AC60-0ADB70B25BE0}
		{778F37B4-94C3-495E-AD39-B45DBF4181BF} = {2552737B-1C18-4E9B-AC60-0ADB70B25BE0}
		{A2549546-5545-4E4C-BC0F-FDE6803241FC} = {2552737B-1C18-4E9B-AC60-0ADB70B25BE0}
	EndGlobalSection
EndGlobal
